
Microsoft Visual Studio Solution File, Format Version 12.00
# Visual Studio 15
VisualStudioVersion = 15.0.28307.757
MinimumVisualStudioVersion = 10.0.40219.1
Project("{FAE04EC0-301F-11D3-BF4B-00C04F79EFBC}") = "problemHelper", "problemHelper\problemHelper.csproj", "{DCE763FA-76C5-4F34-8011-88C6DE07D7F0}"
EndProject
Global
	GlobalSection(SolutionConfigurationPlatforms) = preSolution
		Debug|Any CPU = Debug|Any CPU
		Release|Any CPU = Release|Any CPU
	EndGlobalSection
	GlobalSection(ProjectConfigurationPlatforms) = postSolution
		{DCE763FA-76C5-4F34-8011-88C6DE07D7F0}.Debug|Any CPU.ActiveCfg = Debug|Any CPU
		{DCE763FA-76C5-4F34-8011-88C6DE07D7F0}.Debug|Any CPU.Build.0 = Debug|Any CPU
		{DCE763FA-76C5-4F34-8011-88C6DE07D7F0}.Release|Any CPU.ActiveCfg = Release|Any CPU
		{DCE763FA-76C5-4F34-8011-88C6DE07D7F0}.Release|Any CPU.Build.0 = Release|Any CPU
	EndGlobalSection
	GlobalSection(SolutionProperties) = preSolution
		HideSolutionNode = FALSE
	EndGlobalSection
	GlobalSection(ExtensibilityGlobals) = postSolution
		SolutionGuid = {A2113126-0497-47BB-BDB2-F22D7A07344C}
	EndGlobalSection
EndGlobal
